// !$*UTF8*$!
{
	archiveVersion = 1;
	classes = {
	};
	objectVersion = 48;
	objects = {

/* Begin PBXBuildFile section */
		6000E53C200C014B00702DAB /* AppDelegate.m in Sources */ = {isa = PBXBuildFile; fileRef = 6000E53B200C014B00702DAB /* AppDelegate.m */; };
		6000E53F200C014B00702DAB /* ViewController.m in Sources */ = {isa = PBXBuildFile; fileRef = 6000E53E200C014B00702DAB /* ViewController.m */; };
		6000E542200C014B00702DAB /* Main.storyboard in Resources */ = {isa = PBXBuildFile; fileRef = 6000E540200C014B00702DAB /* Main.storyboard */; };
		6000E544200C014B00702DAB /* Assets.xcassets in Resources */ = {isa = PBXBuildFile; fileRef = 6000E543200C014B00702DAB /* Assets.xcassets */; };
		6000E547200C014B00702DAB /* LaunchScreen.storyboard in Resources */ = {isa = PBXBuildFile; fileRef = 6000E545200C014B00702DAB /* LaunchScreen.storyboard */; };
		6000E54A200C014B00702DAB /* main.m in Sources */ = {isa = PBXBuildFile; fileRef = 6000E549200C014B00702DAB /* main.m */; };
		6000E552200C09CD00702DAB /* MapVC.m in Sources */ = {isa = PBXBuildFile; fileRef = 6000E551200C09CD00702DAB /* MapVC.m */; };
/* End PBXBuildFile section */

/* Begin PBXFileReference section */
		6000E537200C014B00702DAB /* testBrianAdvent.app */ = {isa = PBXFileReference; explicitFileType = wrapper.application; includeInIndex = 0; path = testBrianAdvent.app; sourceTree = BUILT_PRODUCTS_DIR; };
		6000E53A200C014B00702DAB /* AppDelegate.h */ = {isa = PBXFileReference; lastKnownFileType = sourcecode.c.h; path = AppDelegate.h; sourceTree = "<group>"; };
		6000E53B200C014B00702DAB /* AppDelegate.m */ = {isa = PBXFileReference; lastKnownFileType = sourcecode.c.objc; path = AppDelegate.m; sourceTree = "<group>"; };
		6000E53D200C014B00702DAB /* ViewController.h */ = {isa = PBXFileReference; lastKnownFileType = sourcecode.c.h; path = ViewController.h; sourceTree = "<group>"; };
		6000E53E200C014B00702DAB /* ViewController.m */ = {isa = PBXFileReference; lastKnownFileType = sourcecode.c.objc; path = ViewController.m; sourceTree = "<group>"; };
		6000E541200C014B00702DAB /* Base */ = {isa = PBXFileReference; lastKnownFileType = file.storyboard; name = Base; path = Base.lproj/Main.storyboard; sourceTree = "<group>"; };
		6000E543200C014B00702DAB /* Assets.xcassets */ = {isa = PBXFileReference; lastKnownFileType = folder.assetcatalog; path = Assets.xcassets; sourceTree = "<group>"; };
		6000E546200C014B00702DAB /* Base */ = {isa = PBXFileReference; lastKnownFileType = file.storyboard; name = Base; path = Base.lproj/LaunchScreen.storyboard; sourceTree = "<group>"; };
		6000E548200C014B00702DAB /* Info.plist */ = {isa = PBXFileReference; lastKnownFileType = text.plist.xml; path = Info.plist; sourceTree = "<group>"; };
		6000E549200C014B00702DAB /* main.m */ = {isa = PBXFileReference; lastKnownFileType = sourcecode.c.objc; path = main.m; sourceTree = "<group>"; };
		6000E550200C09CD00702DAB /* MapVC.h */ = {isa = PBXFileReference; lastKnownFileType = sourcecode.c.h; path = MapVC.h; sourceTree = "<group>"; };
		6000E551200C09CD00702DAB /* MapVC.m */ = {isa = PBXFileReference; lastKnownFileType = sourcecode.c.objc; path = MapVC.m; sourceTree = "<group>"; };
/* End PBXFileReference section */

/* Begin PBXFrameworksBuildPhase section */
		6000E534200C014B00702DAB /* Frameworks */ = {
			isa = PBXFrameworksBuildPhase;
			buildActionMask = 2147483647;
			files = (
			);
			runOnlyForDeploymentPostprocessing = 0;
		};
/* End PBXFrameworksBuildPhase section */

/* Begin PBXGroup section */
		6000E52E200C014B00702DAB = {
			isa = PBXGroup;
			children = (
				6000E539200C014B00702DAB /* testBrianAdvent */,
				6000E538200C014B00702DAB /* Products */,
			);
			sourceTree = "<group>";
		};
		6000E538200C014B00702DAB /* Products */ = {
			isa = PBXGroup;
			children = (
				6000E537200C014B00702DAB /* testBrianAdvent.app */,
			);
			name = Products;
			sourceTree = "<group>";
		};
		6000E539200C014B00702DAB /* testBrianAdvent */ = {
			isa = PBXGroup;
			children = (
				6000E53A200C014B00702DAB /* AppDelegate.h */,
				6000E53B200C014B00702DAB /* AppDelegate.m */,
				6000E53D200C014B00702DAB /* ViewController.h */,
				6000E53E200C014B00702DAB /* ViewController.m */,
				6000E540200C014B00702DAB /* Main.storyboard */,
				6000E543200C014B00702DAB /* Assets.xcassets */,
				6000E545200C014B00702DAB /* LaunchScreen.storyboard */,
				6000E548200C014B00702DAB /* Info.plist */,
				6000E549200C014B00702DAB /* main.m */,
				6000E550200C09CD00702DAB /* MapVC.h */,
				6000E551200C09CD00702DAB /* MapVC.m */,
			);
			path = testBrianAdvent;
			sourceTree = "<group>";
		};
/* End PBXGroup section */

/* Begin PBXNativeTarget section */
		6000E536200C014B00702DAB /* testBrianAdvent */ = {
			isa = PBXNativeTarget;
			buildConfigurationList = 6000E54D200C014B00702DAB /* Build configuration list for PBXNativeTarget "testBrianAdvent" */;
			buildPhases = (
				6000E533200C014B00702DAB /* Sources */,
				6000E534200C014B00702DAB /* Frameworks */,
				6000E535200C014B00702DAB /* Resources */,
			);
			buildRules = (
			);
			dependencies = (
			);
			name = testBrianAdvent;
			productName = testBrianAdvent;
			productReference = 6000E537200C014B00702DAB /* testBrianAdvent.app */;
			productType = "com.apple.product-type.application";
		};
/* End PBXNativeTarget section */

/* Begin PBXProject section */
		6000E52F200C014B00702DAB /* Project object */ = {
			isa = PBXProject;
			attributes = {
				LastUpgradeCheck = 0920;
				ORGANIZATIONNAME = "Miguel Jimenez";
				TargetAttributes = {
					6000E536200C014B00702DAB = {
						CreatedOnToolsVersion = 9.2;
						ProvisioningStyle = Automatic;
					};
				};
			};
			buildConfigurationList = 6000E532200C014B00702DAB /* Build configuration list for PBXProject "testBrianAdvent" */;
			compatibilityVersion = "Xcode 8.0";
			developmentRegion = en;
			hasScannedForEncodings = 0;
			knownRegions = (
				en,
				Base,
			);
			mainGroup = 6000E52E200C014B00702DAB;
			productRefGroup = 6000E538200C014B00702DAB /* Products */;
			projectDirPath = "";
			projectRoot = "";
			targets = (
				6000E536200C014B00702DAB /* testBrianAdvent */,
			);
		};
/* End PBXProject section */

/* Begin PBXResourcesBuildPhase section */
		6000E535200C014B00702DAB /* Resources */ = {
			isa = PBXResourcesBuildPhase;
			buildActionMask = 2147483647;
			files = (
				6000E547200C014B00702DAB /* LaunchScreen.storyboard in Resources */,
				6000E544200C014B00702DAB /* Assets.xcassets in Resources */,
				6000E542200C014B00702DAB /* Main.storyboard in Resources */,
			);
			runOnlyForDeploymentPostprocessing = 0;
		};
/* End PBXResourcesBuildPhase section */

/* Begin PBXSourcesBuildPhase section */
		6000E533200C014B00702DAB /* Sources */ = {
			isa = PBXSourcesBuildPhase;
			buildActionMask = 2147483647;
			files = (
				6000E53F200C014B00702DAB /* ViewController.m in Sources */,
				6000E552200C09CD00702DAB /* MapVC.m in Sources */,
				6000E54A200C014B00702DAB /* main.m in Sources */,
				6000E53C200C014B00702DAB /* AppDelegate.m in Sources */,
			);
			runOnlyForDeploymentPostprocessing = 0;
		};
/* End PBXSourcesBuildPhase section */

/* Begin PBXVariantGroup section */
		6000E540200C014B00702DAB /* Main.storyboard */ = {
			isa = PBXVariantGroup;
			children = (
				6000E541200C014B00702DAB /* Base */,
			);
			name = Main.storyboard;
			sourceTree = "<group>";
		};
		6000E545200C014B00702DAB /* LaunchScreen.storyboard */ = {
			isa = PBXVariantGroup;
			children = (
				6000E546200C014B00702DAB /* Base */,
			);
			name = LaunchScreen.storyboard;
			sourceTree = "<group>";
		};
/* End PBXVariantGroup section */

/* Begin XCBuildConfiguration section */
		6000E54B200C014B00702DAB /* Debug */ = {
			isa = XCBuildConfiguration;
			buildSettings = {
				ALWAYS_SEARCH_USER_PATHS = NO;
				CLANG_ANALYZER_NONNULL = YES;
				CLANG_ANALYZER_NUMBER_OBJECT_CONVERSION = YES_AGGRESSIVE;
				CLANG_CXX_LANGUAGE_STANDARD = "gnu++14";
				CLANG_CXX_LIBRARY = "libc++";
				CLANG_ENABLE_MODULES = YES;
				CLANG_ENABLE_OBJC_ARC = YES;
				CLANG_WARN_BLOCK_CAPTURE_AUTORELEASING = YES;
				CLANG_WARN_BOOL_CONVERSION = YES;
				CLANG_WARN_COMMA = YES;
				CLANG_WARN_CONSTANT_CONVERSION = YES;
				CLANG_WARN_DIRECT_OBJC_ISA_USAGE = YES_ERROR;
				CLANG_WARN_DOCUMENTATION_COMMENTS = YES;
				CLANG_WARN_EMPTY_BODY = YES;
				CLANG_WARN_ENUM_CONVERSION = YES;
				CLANG_WARN_INFINITE_RECURSION = YES;
				CLANG_WARN_INT_CONVERSION = YES;
				CLANG_WARN_NON_LITERAL_NULL_CONVERSION = YES;
				CLANG_WARN_OBJC_LITERAL_CONVERSION = YES;
				CLANG_WARN_OBJC_ROOT_CLASS = YES_ERROR;
				CLANG_WARN_RANGE_LOOP_ANALYSIS = YES;
				CLANG_WARN_STRICT_PROTOTYPES = YES;
				CLANG_WARN_SUSPICIOUS_MOVE = YES;
				CLANG_WARN_UNGUARDED_AVAILABILITY = YES_AGGRESSIVE;
				CLANG_WARN_UNREACHABLE_CODE = YES;
				CLANG_WARN__DUPLICATE_METHOD_MATCH = YES;
				CODE_SIGN_IDENTITY = "iPhone Developer";
				COPY_PHASE_STRIP = NO;
				DEBUG_INFORMATION_FORMAT = dwarf;
				ENABLE_STRICT_OBJC_MSGSEND = YES;
				ENABLE_TESTABILITY = YES;
				GCC_C_LANGUAGE_STANDARD = gnu11;
				GCC_DYNAMIC_NO_PIC = NO;
				GCC_NO_COMMON_BLOCKS = YES;
				GCC_OPTIMIZATION_LEVEL = 0;
				GCC_PREPROCESSOR_DEFINITIONS = (
					"DEBUG=1",
					"$(inherited)",
				);
				GCC_WARN_64_TO_32_BIT_CONVERSION = YES;
				GCC_WARN_ABOUT_RETURN_TYPE = YES_ERROR;
				GCC_WARN_UNDECLARED_SELECTOR = YES;
				GCC_WARN_UNINITIALIZED_AUTOS = YES_AGGRESSIVE;
				GCC_WARN_UNUSED_FUNCTION = YES;
				GCC_WARN_UNUSED_VARIABLE = YES;
				IPHONEOS_DEPLOYMENT_TARGET = 11.2;
				MTL_ENABLE_DEBUG_INFO = YES;
				ONLY_ACTIVE_ARCH = YES;
				SDKROOT = iphoneos;
			};
			name = Debug;
		};
		6000E54C200C014B00702DAB /* Release */ = {
			isa = XCBuildConfiguration;
			buildSettings = {
				ALWAYS_SEARCH_USER_PATHS = NO;
				CLANG_ANALYZER_NONNULL = YES;
				CLANG_ANALYZER_NUMBER_OBJECT_CONVERSION = YES_AGGRESSIVE;
				CLANG_CXX_LANGUAGE_STANDARD = "gnu++14";
				CLANG_CXX_LIBRARY = "libc++";
				CLANG_ENABLE_MODULES = YES;
				CLANG_ENABLE_OBJC_ARC = YES;
				CLANG_WARN_BLOCK_CAPTURE_AUTORELEASING = YES;
				CLANG_WARN_BOOL_CONVERSION = YES;
				CLANG_WARN_COMMA = YES;
				CLANG_WARN_CONSTANT_CONVERSION = YES;
				CLANG_WARN_DIRECT_OBJC_ISA_USAGE = YES_ERROR;
				CLANG_WARN_DOCUMENTATION_COMMENTS = YES;
				CLANG_WARN_EMPTY_BODY = YES;
				CLANG_WARN_ENUM_CONVERSION = YES;
				CLANG_WARN_INFINITE_RECURSION = YES;
				CLANG_WARN_INT_CONVERSION = YES;
				CLANG_WARN_NON_LITERAL_NULL_CONVERSION = YES;
				CLANG_WARN_OBJC_LITERAL_CONVERSION = YES;
				CLANG_WARN_OBJC_ROOT_CLASS = YES_ERROR;
				CLANG_WARN_RANGE_LOOP_ANALYSIS = YES;
				CLANG_WARN_STRICT_PROTOTYPES = YES;
				CLANG_WARN_SUSPICIOUS_MOVE = YES;
				CLANG_WARN_UNGUARDED_AVAILABILITY = YES_AGGRESSIVE;
				CLANG_WARN_UNREACHABLE_CODE = YES;
				CLANG_WARN__DUPLICATE_METHOD_MATCH = YES;
				CODE_SIGN_IDENTITY = "iPhone Developer";
				COPY_PHASE_STRIP = NO;
				DEBUG_INFORMATION_FORMAT = "dwarf-with-dsym";
				ENABLE_NS_ASSERTIONS = NO;
				ENABLE_STRICT_OBJC_MSGSEND = YES;
				GCC_C_LANGUAGE_STANDARD = gnu11;
				GCC_NO_COMMON_BLOCKS = YES;
				GCC_WARN_64_TO_32_BIT_CONVERSION = YES;
				GCC_WARN_ABOUT_RETURN_TYPE = YES_ERROR;
				GCC_WARN_UNDECLARED_SELECTOR = YES;
				GCC_WARN_UNINITIALIZED_AUTOS = YES_AGGRESSIVE;
				GCC_WARN_UNUSED_FUNCTION = YES;
				GCC_WARN_UNUSED_VARIABLE = YES;
				IPHONEOS_DEPLOYMENT_TARGET = 11.2;
				MTL_ENABLE_DEBUG_INFO = NO;
				SDKROOT = iphoneos;
				VALIDATE_PRODUCT = YES;
			};
			name = Release;
		};
		6000E54E200C014B00702DAB /* Debug */ = {
			isa = XCBuildConfiguration;
			buildSettings = {
				ASSETCATALOG_COMPILER_APPICON_NAME = AppIcon;
				CODE_SIGN_STYLE = Automatic;
				DEVELOPMENT_TEAM = TPT6RKQ83Z;
				INFOPLIST_FILE = testBrianAdvent/Info.plist;
				LD_RUNPATH_SEARCH_PATHS = "$(inherited) @executable_path/Frameworks";
				PRODUCT_BUNDLE_IDENTIFIER = com.miguel.jimenez.testBrianAdvent;
				PRODUCT_NAME = "$(TARGET_NAME)";
				TARGETED_DEVICE_FAMILY = "1,2";
			};
			name = Debug;
		};
		6000E54F200C014B00702DAB /* Release */ = {
			isa = XCBuildConfiguration;
			buildSettings = {
				ASSETCATALOG_COMPILER_APPICON_NAME = AppIcon;
				CODE_SIGN_STYLE = Automatic;
				DEVELOPMENT_TEAM = TPT6RKQ83Z;
				INFOPLIST_FILE = testBrianAdvent/Info.plist;
				LD_RUNPATH_SEARCH_PATHS = "$(inherited) @executable_path/Frameworks";
				PRODUCT_BUNDLE_IDENTIFIER = com.miguel.jimenez.testBrianAdvent;
				PRODUCT_NAME = "$(TARGET_NAME)";
				TARGETED_DEVICE_FAMILY = "1,2";
			};
			name = Release;
		};
/* End XCBuildConfiguration section */

/* Begin XCConfigurationList section */
		6000E532200C014B00702DAB /* Build configuration list for PBXProject "testBrianAdvent" */ = {
			isa = XCConfigurationList;
			buildConfigurations = (
				6000E54B200C014B00702DAB /* Debug */,
				6000E54C200C014B00702DAB /* Release */,
			);
			defaultConfigurationIsVisible = 0;
			defaultConfigurationName = Release;
		};
		6000E54D200C014B00702DAB /* Build configuration list for PBXNativeTarget "testBrianAdvent" */ = {
			isa = XCConfigurationList;
			buildConfigurations = (
				6000E54E200C014B00702DAB /* Debug */,
				6000E54F200C014B00702DAB /* Release */,
			);
			defaultConfigurationIsVisible = 0;
			defaultConfigurationName = Release;
		};
/* End XCConfigurationList section */
	};
	rootObject = 6000E52F200C014B00702DAB /* Project object */;
}
